
Microsoft Visual Studio Solution File, Format Version 12.00
# Visual Studio 15
VisualStudioVersion = 15.0.28307.168
MinimumVisualStudioVersion = 10.0.40219.1
Project("{FAE04EC0-301F-11D3-BF4B-00C04F79EFBC}") = "WinDriverStation", "WinDriverStation\WinDriverStation.csproj", "{1B3335F0-134D-4D03-B635-1A690BC6CF76}"
EndProject
Project("{FAE04EC0-301F-11D3-BF4B-00C04F79EFBC}") = "KnobControl", "knobControl\KnobControl.csproj", "{04123F59-331D-4582-BE0D-721FEAB6050F}"
EndProject
Global
	GlobalSection(SolutionConfigurationPlatforms) = preSolution
		Debug|Any CPU = Debug|Any CPU
		Release|Any CPU = Release|Any CPU
	EndGlobalSection
	GlobalSection(ProjectConfigurationPlatforms) = postSolution
		{1B3335F0-134D-4D03-B635-1A690BC6CF76}.Debug|Any CPU.ActiveCfg = Debug|Any CPU
		{1B3335F0-134D-4D03-B635-1A690BC6CF76}.Debug|Any CPU.Build.0 = Debug|Any CPU
		{1B3335F0-134D-4D03-B635-1A690BC6CF76}.Release|Any CPU.ActiveCfg = Release|Any CPU
		{1B3335F0-134D-4D03-B635-1A690BC6CF76}.Release|Any CPU.Build.0 = Release|Any CPU
		{04123F59-331D-4582-BE0D-721FEAB6050F}.Debug|Any CPU.ActiveCfg = Debug|Any CPU
		{04123F59-331D-4582-BE0D-721FEAB6050F}.Debug|Any CPU.Build.0 = Debug|Any CPU
		{04123F59-331D-4582-BE0D-721FEAB6050F}.Release|Any CPU.ActiveCfg = Release|Any CPU
		{04123F59-331D-4582-BE0D-721FEAB6050F}.Release|Any CPU.Build.0 = Release|Any CPU
	EndGlobalSection
	GlobalSection(SolutionProperties) = preSolution
		HideSolutionNode = FALSE
	EndGlobalSection
	GlobalSection(ExtensibilityGlobals) = postSolution
		SolutionGuid = {6F9E8BE0-7AE7-4C71-BB51-557740D57BFE}
	EndGlobalSection
EndGlobal
